
Microsoft Visual Studio Solution File, Format Version 12.00
# Visual Studio Version 17
VisualStudioVersion = 17.3.32825.248
MinimumVisualStudioVersion = 10.0.40219.1
Project("{FAE04EC0-301F-11D3-BF4B-00C04F79EFBC}") = "Subt", "Subt\Subt.csproj", "{A9436B1B-4200-4EED-BF8D-214C88A60F7F}"
EndProject
Global
	GlobalSection(SolutionConfigurationPlatforms) = preSolution
		Debug|Any CPU = Debug|Any CPU
		Release|Any CPU = Release|Any CPU
	EndGlobalSection
	GlobalSection(ProjectConfigurationPlatforms) = postSolution
		{A9436B1B-4200-4EED-BF8D-214C88A60F7F}.Debug|Any CPU.ActiveCfg = Debug|Any CPU
		{A9436B1B-4200-4EED-BF8D-214C88A60F7F}.Debug|Any CPU.Build.0 = Debug|Any CPU
		{A9436B1B-4200-4EED-BF8D-214C88A60F7F}.Release|Any CPU.ActiveCfg = Release|Any CPU
		{A9436B1B-4200-4EED-BF8D-214C88A60F7F}.Release|Any CPU.Build.0 = Release|Any CPU
	EndGlobalSection
	GlobalSection(SolutionProperties) = preSolution
		HideSolutionNode = FALSE
	EndGlobalSection
	GlobalSection(ExtensibilityGlobals) = postSolution
		SolutionGuid = {57C8EF32-D5A5-4FF2-9738-6D253514FB17}
	EndGlobalSection
EndGlobal
